
Microsoft Visual Studio Solution File, Format Version 12.00
# Visual Studio Version 17
VisualStudioVersion = 17.10.34928.147
MinimumVisualStudioVersion = 10.0.40219.1
Project("{FAE04EC0-301F-11D3-BF4B-00C04F79EFBC}") = "2_Calculator", "2_Calculator.csproj", "{6CEB7A4C-F2FD-4632-B54A-C555CDAAD45C}"
EndProject
Global
	GlobalSection(SolutionConfigurationPlatforms) = preSolution
		Debug|Any CPU = Debug|Any CPU
		Release|Any CPU = Release|Any CPU
	EndGlobalSection
	GlobalSection(ProjectConfigurationPlatforms) = postSolution
		{6CEB7A4C-F2FD-4632-B54A-C555CDAAD45C}.Debug|Any CPU.ActiveCfg = Debug|Any CPU
		{6CEB7A4C-F2FD-4632-B54A-C555CDAAD45C}.Debug|Any CPU.Build.0 = Debug|Any CPU
		{6CEB7A4C-F2FD-4632-B54A-C555CDAAD45C}.Release|Any CPU.ActiveCfg = Release|Any CPU
		{6CEB7A4C-F2FD-4632-B54A-C555CDAAD45C}.Release|Any CPU.Build.0 = Release|Any CPU
	EndGlobalSection
	GlobalSection(SolutionProperties) = preSolution
		HideSolutionNode = FALSE
	EndGlobalSection
	GlobalSection(ExtensibilityGlobals) = postSolution
		SolutionGuid = {5343EE09-FBCE-4F3D-AE54-E25D55473B24}
	EndGlobalSection
EndGlobal
